
Microsoft Visual Studio Solution File, Format Version 12.00
# Visual Studio 2017
Project("{FAE04EC0-301F-11D3-BF4B-00C04F79EFBC}") = "HiddenPictures", "HiddenPictures.csproj", "{8D1EC82E-ABAA-BC34-20C0-522059CAAC7C}"
EndProject
Project("{FAE04EC0-301F-11D3-BF4B-00C04F79EFBC}") = "HiddenPictures.Plugins", "HiddenPictures.Plugins.csproj", "{53E3DD13-DED1-7791-E13E-6A6DD223D9F2}"
EndProject
Project("{FAE04EC0-301F-11D3-BF4B-00C04F79EFBC}") = "HiddenPictures.Editor.Plugins", "HiddenPictures.Editor.Plugins.csproj", "{AD814633-F266-51DC-79D5-CE49EC15FF8D}"
EndProject
Global
	GlobalSection(SolutionConfigurationPlatforms) = preSolution
		Debug|Any CPU = Debug|Any CPU
		Release|Any CPU = Release|Any CPU
	EndGlobalSection
	GlobalSection(ProjectConfigurationPlatforms) = postSolution
		{8D1EC82E-ABAA-BC34-20C0-522059CAAC7C}.Debug|Any CPU.ActiveCfg = Debug|Any CPU
		{8D1EC82E-ABAA-BC34-20C0-522059CAAC7C}.Debug|Any CPU.Build.0 = Debug|Any CPU
		{8D1EC82E-ABAA-BC34-20C0-522059CAAC7C}.Release|Any CPU.ActiveCfg = Release|Any CPU
		{8D1EC82E-ABAA-BC34-20C0-522059CAAC7C}.Release|Any CPU.Build.0 = Release|Any CPU
		{53E3DD13-DED1-7791-E13E-6A6DD223D9F2}.Debug|Any CPU.ActiveCfg = Debug|Any CPU
		{53E3DD13-DED1-7791-E13E-6A6DD223D9F2}.Debug|Any CPU.Build.0 = Debug|Any CPU
		{53E3DD13-DED1-7791-E13E-6A6DD223D9F2}.Release|Any CPU.ActiveCfg = Release|Any CPU
		{53E3DD13-DED1-7791-E13E-6A6DD223D9F2}.Release|Any CPU.Build.0 = Release|Any CPU
		{AD814633-F266-51DC-79D5-CE49EC15FF8D}.Debug|Any CPU.ActiveCfg = Debug|Any CPU
		{AD814633-F266-51DC-79D5-CE49EC15FF8D}.Debug|Any CPU.Build.0 = Debug|Any CPU
		{AD814633-F266-51DC-79D5-CE49EC15FF8D}.Release|Any CPU.ActiveCfg = Release|Any CPU
		{AD814633-F266-51DC-79D5-CE49EC15FF8D}.Release|Any CPU.Build.0 = Release|Any CPU
	EndGlobalSection
	GlobalSection(SolutionProperties) = preSolution
		HideSolutionNode = FALSE
	EndGlobalSection
EndGlobal
